github.com/google/gofuzz v1.1.0 h1:Hsa8mG0dQ46ij8Sl2AYJDUv1oA9/d6Vk+3LG99Oe02g=
github.com/reillywatson/gofuzz v0.0.0-20190918160348-1bef2e3f203e h1:6a6VhBoP+naia9C+gGydCamt8zuJwUFeM3IPqArG5vQ=
github.com/reillywatson/gofuzz v0.0.0-20190918160348-1bef2e3f203e/go.mod h1:TbZ8uKBteq82HAed5+U45A/dwsxguoGG8Oi1SAhK1Fc=
